// !$*UTF8*$!
{
	archiveVersion = 1;
	classes = {
	};
	objectVersion = 50;
	objects = {

/* Begin PBXBuildFile section */
		DD1A400022908A15006C2417 /* AppDelegate.swift in Sources */ = {isa = PBXBuildFile; fileRef = DD1A3FFF22908A15006C2417 /* AppDelegate.swift */; };
		DD1A400222908A15006C2417 /* ViewController.swift in Sources */ = {isa = PBXBuildFile; fileRef = DD1A400122908A15006C2417 /* ViewController.swift */; };
		DD1A400722908A18006C2417 /* Assets.xcassets in Resources */ = {isa = PBXBuildFile; fileRef = DD1A400622908A18006C2417 /* Assets.xcassets */; };
		DD1A400A22908A18006C2417 /* LaunchScreen.storyboard in Resources */ = {isa = PBXBuildFile; fileRef = DD1A400822908A18006C2417 /* LaunchScreen.storyboard */; };
		DD3129282290B32B009423B3 /* Alamofire.framework in Frameworks */ = {isa = PBXBuildFile; fileRef = DD3129272290B32B009423B3 /* Alamofire.framework */; };
		DD31292A2290B339009423B3 /* Kingfisher.framework in Frameworks */ = {isa = PBXBuildFile; fileRef = DD3129292290B339009423B3 /* Kingfisher.framework */; };
		DD31292C2290B346009423B3 /* TinyConstraints.framework in Frameworks */ = {isa = PBXBuildFile; fileRef = DD31292B2290B346009423B3 /* TinyConstraints.framework */; };
/* End PBXBuildFile section */

/* Begin PBXFileReference section */
		DD1A3FFC22908A15006C2417 /* GoogleBooks(MVVM).app */ = {isa = PBXFileReference; explicitFileType = wrapper.application; includeInIndex = 0; path = "GoogleBooks(MVVM).app"; sourceTree = BUILT_PRODUCTS_DIR; };
		DD1A3FFF22908A15006C2417 /* AppDelegate.swift */ = {isa = PBXFileReference; lastKnownFileType = sourcecode.swift; path = AppDelegate.swift; sourceTree = "<group>"; };
		DD1A400122908A15006C2417 /* ViewController.swift */ = {isa = PBXFileReference; lastKnownFileType = sourcecode.swift; path = ViewController.swift; sourceTree = "<group>"; };
		DD1A400622908A18006C2417 /* Assets.xcassets */ = {isa = PBXFileReference; lastKnownFileType = folder.assetcatalog; path = Assets.xcassets; sourceTree = "<group>"; };
		DD1A400922908A18006C2417 /* Base */ = {isa = PBXFileReference; lastKnownFileType = file.storyboard; name = Base; path = Base.lproj/LaunchScreen.storyboard; sourceTree = "<group>"; };
		DD1A400B22908A18006C2417 /* Info.plist */ = {isa = PBXFileReference; lastKnownFileType = text.plist.xml; path = Info.plist; sourceTree = "<group>"; };
		DD3129272290B32B009423B3 /* Alamofire.framework */ = {isa = PBXFileReference; lastKnownFileType = wrapper.framework; name = Alamofire.framework; path = Carthage/Build/iOS/Alamofire.framework; sourceTree = "<group>"; };
		DD3129292290B339009423B3 /* Kingfisher.framework */ = {isa = PBXFileReference; lastKnownFileType = wrapper.framework; name = Kingfisher.framework; path = Carthage/Build/iOS/Kingfisher.framework; sourceTree = "<group>"; };
		DD31292B2290B346009423B3 /* TinyConstraints.framework */ = {isa = PBXFileReference; lastKnownFileType = wrapper.framework; name = TinyConstraints.framework; path = Carthage/Build/iOS/TinyConstraints.framework; sourceTree = "<group>"; };
/* End PBXFileReference section */

/* Begin PBXFrameworksBuildPhase section */
		DD1A3FF922908A15006C2417 /* Frameworks */ = {
			isa = PBXFrameworksBuildPhase;
			buildActionMask = 2147483647;
			files = (
				DD31292C2290B346009423B3 /* TinyConstraints.framework in Frameworks */,
				DD31292A2290B339009423B3 /* Kingfisher.framework in Frameworks */,
				DD3129282290B32B009423B3 /* Alamofire.framework in Frameworks */,
			);
			runOnlyForDeploymentPostprocessing = 0;
		};
/* End PBXFrameworksBuildPhase section */

/* Begin PBXGroup section */
		DD1A3FF322908A15006C2417 = {
			isa = PBXGroup;
			children = (
				DD1A3FFE22908A15006C2417 /* GoogleBooks(MVVM) */,
				DD1A3FFD22908A15006C2417 /* Products */,
				DD3129262290B32B009423B3 /* Frameworks */,
			);
			sourceTree = "<group>";
		};
		DD1A3FFD22908A15006C2417 /* Products */ = {
			isa = PBXGroup;
			children = (
				DD1A3FFC22908A15006C2417 /* GoogleBooks(MVVM).app */,
			);
			name = Products;
			sourceTree = "<group>";
		};
		DD1A3FFE22908A15006C2417 /* GoogleBooks(MVVM) */ = {
			isa = PBXGroup;
			children = (
				DD3129252290B2DB009423B3 /* Scenes */,
				DD3129242290B2DB009423B3 /* APP */,
				DD3129232290B2DB009423B3 /* Utilities */,
				DD3129202290B2DB009423B3 /* Cummons */,
				DD3129212290B2DB009423B3 /* API */,
				DD3129222290B2DB009423B3 /* SupportFiles */,
				DD1A3FFF22908A15006C2417 /* AppDelegate.swift */,
				DD1A400122908A15006C2417 /* ViewController.swift */,
				DD1A400622908A18006C2417 /* Assets.xcassets */,
				DD1A400822908A18006C2417 /* LaunchScreen.storyboard */,
				DD1A400B22908A18006C2417 /* Info.plist */,
			);
			path = "GoogleBooks(MVVM)";
			sourceTree = "<group>";
		};
		DD3129202290B2DB009423B3 /* Cummons */ = {
			isa = PBXGroup;
			children = (
			);
			path = Cummons;
			sourceTree = "<group>";
		};
		DD3129212290B2DB009423B3 /* API */ = {
			isa = PBXGroup;
			children = (
			);
			path = API;
			sourceTree = "<group>";
		};
		DD3129222290B2DB009423B3 /* SupportFiles */ = {
			isa = PBXGroup;
			children = (
			);
			path = SupportFiles;
			sourceTree = "<group>";
		};
		DD3129232290B2DB009423B3 /* Utilities */ = {
			isa = PBXGroup;
			children = (
			);
			path = Utilities;
			sourceTree = "<group>";
		};
		DD3129242290B2DB009423B3 /* APP */ = {
			isa = PBXGroup;
			children = (
			);
			path = APP;
			sourceTree = "<group>";
		};
		DD3129252290B2DB009423B3 /* Scenes */ = {
			isa = PBXGroup;
			children = (
			);
			path = Scenes;
			sourceTree = "<group>";
		};
		DD3129262290B32B009423B3 /* Frameworks */ = {
			isa = PBXGroup;
			children = (
				DD31292B2290B346009423B3 /* TinyConstraints.framework */,
				DD3129292290B339009423B3 /* Kingfisher.framework */,
				DD3129272290B32B009423B3 /* Alamofire.framework */,
			);
			name = Frameworks;
			sourceTree = "<group>";
		};
/* End PBXGroup section */

/* Begin PBXNativeTarget section */
		DD1A3FFB22908A15006C2417 /* GoogleBooks(MVVM) */ = {
			isa = PBXNativeTarget;
			buildConfigurationList = DD1A400E22908A18006C2417 /* Build configuration list for PBXNativeTarget "GoogleBooks(MVVM)" */;
			buildPhases = (
				DD1A3FF822908A15006C2417 /* Sources */,
				DD1A3FF922908A15006C2417 /* Frameworks */,
				DD1A3FFA22908A15006C2417 /* Resources */,
				DD31292D2290B34E009423B3 /* ShellScript */,
			);
			buildRules = (
			);
			dependencies = (
			);
			name = "GoogleBooks(MVVM)";
			productName = "GoogleBooks(MVVM)";
			productReference = DD1A3FFC22908A15006C2417 /* GoogleBooks(MVVM).app */;
			productType = "com.apple.product-type.application";
		};
/* End PBXNativeTarget section */

/* Begin PBXProject section */
		DD1A3FF422908A15006C2417 /* Project object */ = {
			isa = PBXProject;
			attributes = {
				LastSwiftUpdateCheck = 1020;
				LastUpgradeCheck = 1020;
				ORGANIZATIONNAME = "Yusuf DEMİRKOPARAN";
				TargetAttributes = {
					DD1A3FFB22908A15006C2417 = {
						CreatedOnToolsVersion = 10.2.1;
					};
				};
			};
			buildConfigurationList = DD1A3FF722908A15006C2417 /* Build configuration list for PBXProject "GoogleBooks(MVVM)" */;
			compatibilityVersion = "Xcode 9.3";
			developmentRegion = en;
			hasScannedForEncodings = 0;
			knownRegions = (
				en,
				Base,
			);
			mainGroup = DD1A3FF322908A15006C2417;
			productRefGroup = DD1A3FFD22908A15006C2417 /* Products */;
			projectDirPath = "";
			projectRoot = "";
			targets = (
				DD1A3FFB22908A15006C2417 /* GoogleBooks(MVVM) */,
			);
		};
/* End PBXProject section */

/* Begin PBXResourcesBuildPhase section */
		DD1A3FFA22908A15006C2417 /* Resources */ = {
			isa = PBXResourcesBuildPhase;
			buildActionMask = 2147483647;
			files = (
				DD1A400A22908A18006C2417 /* LaunchScreen.storyboard in Resources */,
				DD1A400722908A18006C2417 /* Assets.xcassets in Resources */,
			);
			runOnlyForDeploymentPostprocessing = 0;
		};
/* End PBXResourcesBuildPhase section */

/* Begin PBXShellScriptBuildPhase section */
		DD31292D2290B34E009423B3 /* ShellScript */ = {
			isa = PBXShellScriptBuildPhase;
			buildActionMask = 12;
			files = (
			);
			inputFileListPaths = (
			);
			inputPaths = (
				"$(SRCROOT)/Carthage/Build/iOS/Alamofire.framework",
				"$(SRCROOT)/Carthage/Build/iOS/Kingfisher.framework",
				"$(SRCROOT)/Carthage/Build/iOS/TinyConstraints.framework",
			);
			outputFileListPaths = (
			);
			outputPaths = (
			);
			runOnlyForDeploymentPostprocessing = 0;
			shellPath = /bin/sh;
			shellScript = "# Type a script or drag a script file from your workspace to insert its path.\n/usr/local/bin/carthage copy-frameworks\n";
		};
/* End PBXShellScriptBuildPhase section */

/* Begin PBXSourcesBuildPhase section */
		DD1A3FF822908A15006C2417 /* Sources */ = {
			isa = PBXSourcesBuildPhase;
			buildActionMask = 2147483647;
			files = (
				DD1A400222908A15006C2417 /* ViewController.swift in Sources */,
				DD1A400022908A15006C2417 /* AppDelegate.swift in Sources */,
			);
			runOnlyForDeploymentPostprocessing = 0;
		};
/* End PBXSourcesBuildPhase section */

/* Begin PBXVariantGroup section */
		DD1A400822908A18006C2417 /* LaunchScreen.storyboard */ = {
			isa = PBXVariantGroup;
			children = (
				DD1A400922908A18006C2417 /* Base */,
			);
			name = LaunchScreen.storyboard;
			sourceTree = "<group>";
		};
/* End PBXVariantGroup section */

/* Begin XCBuildConfiguration section */
		DD1A400C22908A18006C2417 /* Debug */ = {
			isa = XCBuildConfiguration;
			buildSettings = {
				ALWAYS_SEARCH_USER_PATHS = NO;
				CLANG_ANALYZER_NONNULL = YES;
				CLANG_ANALYZER_NUMBER_OBJECT_CONVERSION = YES_AGGRESSIVE;
				CLANG_CXX_LANGUAGE_STANDARD = "gnu++14";
				CLANG_CXX_LIBRARY = "libc++";
				CLANG_ENABLE_MODULES = YES;
				CLANG_ENABLE_OBJC_ARC = YES;
				CLANG_ENABLE_OBJC_WEAK = YES;
				CLANG_WARN_BLOCK_CAPTURE_AUTORELEASING = YES;
				CLANG_WARN_BOOL_CONVERSION = YES;
				CLANG_WARN_COMMA = YES;
				CLANG_WARN_CONSTANT_CONVERSION = YES;
				CLANG_WARN_DEPRECATED_OBJC_IMPLEMENTATIONS = YES;
				CLANG_WARN_DIRECT_OBJC_ISA_USAGE = YES_ERROR;
				CLANG_WARN_DOCUMENTATION_COMMENTS = YES;
				CLANG_WARN_EMPTY_BODY = YES;
				CLANG_WARN_ENUM_CONVERSION = YES;
				CLANG_WARN_INFINITE_RECURSION = YES;
				CLANG_WARN_INT_CONVERSION = YES;
				CLANG_WARN_NON_LITERAL_NULL_CONVERSION = YES;
				CLANG_WARN_OBJC_IMPLICIT_RETAIN_SELF = YES;
				CLANG_WARN_OBJC_LITERAL_CONVERSION = YES;
				CLANG_WARN_OBJC_ROOT_CLASS = YES_ERROR;
				CLANG_WARN_RANGE_LOOP_ANALYSIS = YES;
				CLANG_WARN_STRICT_PROTOTYPES = YES;
				CLANG_WARN_SUSPICIOUS_MOVE = YES;
				CLANG_WARN_UNGUARDED_AVAILABILITY = YES_AGGRESSIVE;
				CLANG_WARN_UNREACHABLE_CODE = YES;
				CLANG_WARN__DUPLICATE_METHOD_MATCH = YES;
				CODE_SIGN_IDENTITY = "iPhone Developer";
				COPY_PHASE_STRIP = NO;
				DEBUG_INFORMATION_FORMAT = dwarf;
				ENABLE_STRICT_OBJC_MSGSEND = YES;
				ENABLE_TESTABILITY = YES;
				GCC_C_LANGUAGE_STANDARD = gnu11;
				GCC_DYNAMIC_NO_PIC = NO;
				GCC_NO_COMMON_BLOCKS = YES;
				GCC_OPTIMIZATION_LEVEL = 0;
				GCC_PREPROCESSOR_DEFINITIONS = (
					"DEBUG=1",
					"$(inherited)",
				);
				GCC_WARN_64_TO_32_BIT_CONVERSION = YES;
				GCC_WARN_ABOUT_RETURN_TYPE = YES_ERROR;
				GCC_WARN_UNDECLARED_SELECTOR = YES;
				GCC_WARN_UNINITIALIZED_AUTOS = YES_AGGRESSIVE;
				GCC_WARN_UNUSED_FUNCTION = YES;
				GCC_WARN_UNUSED_VARIABLE = YES;
				IPHONEOS_DEPLOYMENT_TARGET = 12.2;
				MTL_ENABLE_DEBUG_INFO = INCLUDE_SOURCE;
				MTL_FAST_MATH = YES;
				ONLY_ACTIVE_ARCH = YES;
				SDKROOT = iphoneos;
				SWIFT_ACTIVE_COMPILATION_CONDITIONS = DEBUG;
				SWIFT_OPTIMIZATION_LEVEL = "-Onone";
			};
			name = Debug;
		};
		DD1A400D22908A18006C2417 /* Release */ = {
			isa = XCBuildConfiguration;
			buildSettings = {
				ALWAYS_SEARCH_USER_PATHS = NO;
				CLANG_ANALYZER_NONNULL = YES;
				CLANG_ANALYZER_NUMBER_OBJECT_CONVERSION = YES_AGGRESSIVE;
				CLANG_CXX_LANGUAGE_STANDARD = "gnu++14";
				CLANG_CXX_LIBRARY = "libc++";
				CLANG_ENABLE_MODULES = YES;
				CLANG_ENABLE_OBJC_ARC = YES;
				CLANG_ENABLE_OBJC_WEAK = YES;
				CLANG_WARN_BLOCK_CAPTURE_AUTORELEASING = YES;
				CLANG_WARN_BOOL_CONVERSION = YES;
				CLANG_WARN_COMMA = YES;
				CLANG_WARN_CONSTANT_CONVERSION = YES;
				CLANG_WARN_DEPRECATED_OBJC_IMPLEMENTATIONS = YES;
				CLANG_WARN_DIRECT_OBJC_ISA_USAGE = YES_ERROR;
				CLANG_WARN_DOCUMENTATION_COMMENTS = YES;
				CLANG_WARN_EMPTY_BODY = YES;
				CLANG_WARN_ENUM_CONVERSION = YES;
				CLANG_WARN_INFINITE_RECURSION = YES;
				CLANG_WARN_INT_CONVERSION = YES;
				CLANG_WARN_NON_LITERAL_NULL_CONVERSION = YES;
				CLANG_WARN_OBJC_IMPLICIT_RETAIN_SELF = YES;
				CLANG_WARN_OBJC_LITERAL_CONVERSION = YES;
				CLANG_WARN_OBJC_ROOT_CLASS = YES_ERROR;
				CLANG_WARN_RANGE_LOOP_ANALYSIS = YES;
				CLANG_WARN_STRICT_PROTOTYPES = YES;
				CLANG_WARN_SUSPICIOUS_MOVE = YES;
				CLANG_WARN_UNGUARDED_AVAILABILITY = YES_AGGRESSIVE;
				CLANG_WARN_UNREACHABLE_CODE = YES;
				CLANG_WARN__DUPLICATE_METHOD_MATCH = YES;
				CODE_SIGN_IDENTITY = "iPhone Developer";
				COPY_PHASE_STRIP = NO;
				DEBUG_INFORMATION_FORMAT = "dwarf-with-dsym";
				ENABLE_NS_ASSERTIONS = NO;
				ENABLE_STRICT_OBJC_MSGSEND = YES;
				GCC_C_LANGUAGE_STANDARD = gnu11;
				GCC_NO_COMMON_BLOCKS = YES;
				GCC_WARN_64_TO_32_BIT_CONVERSION = YES;
				GCC_WARN_ABOUT_RETURN_TYPE = YES_ERROR;
				GCC_WARN_UNDECLARED_SELECTOR = YES;
				GCC_WARN_UNINITIALIZED_AUTOS = YES_AGGRESSIVE;
				GCC_WARN_UNUSED_FUNCTION = YES;
				GCC_WARN_UNUSED_VARIABLE = YES;
				IPHONEOS_DEPLOYMENT_TARGET = 12.2;
				MTL_ENABLE_DEBUG_INFO = NO;
				MTL_FAST_MATH = YES;
				SDKROOT = iphoneos;
				SWIFT_COMPILATION_MODE = wholemodule;
				SWIFT_OPTIMIZATION_LEVEL = "-O";
				VALIDATE_PRODUCT = YES;
			};
			name = Release;
		};
		DD1A400F22908A18006C2417 /* Debug */ = {
			isa = XCBuildConfiguration;
			buildSettings = {
				ASSETCATALOG_COMPILER_APPICON_NAME = AppIcon;
				CODE_SIGN_STYLE = Automatic;
				DEVELOPMENT_TEAM = 95Q8H6K2TQ;
				FRAMEWORK_SEARCH_PATHS = (
					"$(inherited)",
					"$(PROJECT_DIR)/Carthage/Build/iOS",
				);
				INFOPLIST_FILE = "GoogleBooks(MVVM)/Info.plist";
				LD_RUNPATH_SEARCH_PATHS = (
					"$(inherited)",
					"@executable_path/Frameworks",
				);
				PRODUCT_BUNDLE_IDENTIFIER = "com.teamwork.GoogleBooks-MVVM-";
				PRODUCT_NAME = "$(TARGET_NAME)";
				SWIFT_VERSION = 5.0;
				TARGETED_DEVICE_FAMILY = "1,2";
			};
			name = Debug;
		};
		DD1A401022908A18006C2417 /* Release */ = {
			isa = XCBuildConfiguration;
			buildSettings = {
				ASSETCATALOG_COMPILER_APPICON_NAME = AppIcon;
				CODE_SIGN_STYLE = Automatic;
				DEVELOPMENT_TEAM = 95Q8H6K2TQ;
				FRAMEWORK_SEARCH_PATHS = (
					"$(inherited)",
					"$(PROJECT_DIR)/Carthage/Build/iOS",
				);
				INFOPLIST_FILE = "GoogleBooks(MVVM)/Info.plist";
				LD_RUNPATH_SEARCH_PATHS = (
					"$(inherited)",
					"@executable_path/Frameworks",
				);
				PRODUCT_BUNDLE_IDENTIFIER = "com.teamwork.GoogleBooks-MVVM-";
				PRODUCT_NAME = "$(TARGET_NAME)";
				SWIFT_VERSION = 5.0;
				TARGETED_DEVICE_FAMILY = "1,2";
			};
			name = Release;
		};
/* End XCBuildConfiguration section */

/* Begin XCConfigurationList section */
		DD1A3FF722908A15006C2417 /* Build configuration list for PBXProject "GoogleBooks(MVVM)" */ = {
			isa = XCConfigurationList;
			buildConfigurations = (
				DD1A400C22908A18006C2417 /* Debug */,
				DD1A400D22908A18006C2417 /* Release */,
			);
			defaultConfigurationIsVisible = 0;
			defaultConfigurationName = Release;
		};
		DD1A400E22908A18006C2417 /* Build configuration list for PBXNativeTarget "GoogleBooks(MVVM)" */ = {
			isa = XCConfigurationList;
			buildConfigurations = (
				DD1A400F22908A18006C2417 /* Debug */,
				DD1A401022908A18006C2417 /* Release */,
			);
			defaultConfigurationIsVisible = 0;
			defaultConfigurationName = Release;
		};
/* End XCConfigurationList section */
	};
	rootObject = DD1A3FF422908A15006C2417 /* Project object */;
}
